// !$*UTF8*$!
{
	archiveVersion = 1;
	classes = {
	};
	objectVersion = 46;
	objects = {

/* Begin PBXBuildFile section */
		EE3B14461BB3BFF10024B209 /* main.m in Sources */ = {isa = PBXBuildFile; fileRef = EE3B14451BB3BFF10024B209 /* main.m */; };
		EE3B14491BB3BFF10024B209 /* AppDelegate.m in Sources */ = {isa = PBXBuildFile; fileRef = EE3B14481BB3BFF10024B209 /* AppDelegate.m */; };
		EE3B144C1BB3BFF10024B209 /* ViewController.m in Sources */ = {isa = PBXBuildFile; fileRef = EE3B144B1BB3BFF10024B209 /* ViewController.m */; };
		EE3B144F1BB3BFF10024B209 /* Main.storyboard in Resources */ = {isa = PBXBuildFile; fileRef = EE3B144D1BB3BFF10024B209 /* Main.storyboard */; };
		EE3B14511BB3BFF10024B209 /* Images.xcassets in Resources */ = {isa = PBXBuildFile; fileRef = EE3B14501BB3BFF10024B209 /* Images.xcassets */; };
		EE3B14541BB3BFF10024B209 /* LaunchScreen.xib in Resources */ = {isa = PBXBuildFile; fileRef = EE3B14521BB3BFF10024B209 /* LaunchScreen.xib */; };
		EE3B14601BB3BFF10024B209 /* HuanXinChatTests.m in Sources */ = {isa = PBXBuildFile; fileRef = EE3B145F1BB3BFF10024B209 /* HuanXinChatTests.m */; };
/* End PBXBuildFile section */

/* Begin PBXContainerItemProxy section */
		EE3B145A1BB3BFF10024B209 /* PBXContainerItemProxy */ = {
			isa = PBXContainerItemProxy;
			containerPortal = EE3B14381BB3BFF00024B209 /* Project object */;
			proxyType = 1;
			remoteGlobalIDString = EE3B143F1BB3BFF00024B209;
			remoteInfo = HuanXinChat;
		};
/* End PBXContainerItemProxy section */

/* Begin PBXFileReference section */
		EE3B14401BB3BFF00024B209 /* HuanXinChat.app */ = {isa = PBXFileReference; explicitFileType = wrapper.application; includeInIndex = 0; path = HuanXinChat.app; sourceTree = BUILT_PRODUCTS_DIR; };
		EE3B14441BB3BFF10024B209 /* Info.plist */ = {isa = PBXFileReference; lastKnownFileType = text.plist.xml; path = Info.plist; sourceTree = "<group>"; };
		EE3B14451BB3BFF10024B209 /* main.m */ = {isa = PBXFileReference; lastKnownFileType = sourcecode.c.objc; path = main.m; sourceTree = "<group>"; };
		EE3B14471BB3BFF10024B209 /* AppDelegate.h */ = {isa = PBXFileReference; lastKnownFileType = sourcecode.c.h; path = AppDelegate.h; sourceTree = "<group>"; };
		EE3B14481BB3BFF10024B209 /* AppDelegate.m */ = {isa = PBXFileReference; lastKnownFileType = sourcecode.c.objc; path = AppDelegate.m; sourceTree = "<group>"; };
		EE3B144A1BB3BFF10024B209 /* ViewController.h */ = {isa = PBXFileReference; lastKnownFileType = sourcecode.c.h; path = ViewController.h; sourceTree = "<group>"; };
		EE3B144B1BB3BFF10024B209 /* ViewController.m */ = {isa = PBXFileReference; lastKnownFileType = sourcecode.c.objc; path = ViewController.m; sourceTree = "<group>"; };
		EE3B144E1BB3BFF10024B209 /* Base */ = {isa = PBXFileReference; lastKnownFileType = file.storyboard; name = Base; path = Base.lproj/Main.storyboard; sourceTree = "<group>"; };
		EE3B14501BB3BFF10024B209 /* Images.xcassets */ = {isa = PBXFileReference; lastKnownFileType = folder.assetcatalog; path = Images.xcassets; sourceTree = "<group>"; };
		EE3B14531BB3BFF10024B209 /* Base */ = {isa = PBXFileReference; lastKnownFileType = file.xib; name = Base; path = Base.lproj/LaunchScreen.xib; sourceTree = "<group>"; };
		EE3B14591BB3BFF10024B209 /* HuanXinChatTests.xctest */ = {isa = PBXFileReference; explicitFileType = wrapper.cfbundle; includeInIndex = 0; path = HuanXinChatTests.xctest; sourceTree = BUILT_PRODUCTS_DIR; };
		EE3B145E1BB3BFF10024B209 /* Info.plist */ = {isa = PBXFileReference; lastKnownFileType = text.plist.xml; path = Info.plist; sourceTree = "<group>"; };
		EE3B145F1BB3BFF10024B209 /* HuanXinChatTests.m */ = {isa = PBXFileReference; lastKnownFileType = sourcecode.c.objc; path = HuanXinChatTests.m; sourceTree = "<group>"; };
/* End PBXFileReference section */

/* Begin PBXFrameworksBuildPhase section */
		EE3B143D1BB3BFF00024B209 /* Frameworks */ = {
			isa = PBXFrameworksBuildPhase;
			buildActionMask = 2147483647;
			files = (
			);
			runOnlyForDeploymentPostprocessing = 0;
		};
		EE3B14561BB3BFF10024B209 /* Frameworks */ = {
			isa = PBXFrameworksBuildPhase;
			buildActionMask = 2147483647;
			files = (
			);
			runOnlyForDeploymentPostprocessing = 0;
		};
/* End PBXFrameworksBuildPhase section */

/* Begin PBXGroup section */
		EE3B14371BB3BFF00024B209 = {
			isa = PBXGroup;
			children = (
				EE3B14421BB3BFF00024B209 /* HuanXinChat */,
				EE3B145C1BB3BFF10024B209 /* HuanXinChatTests */,
				EE3B14411BB3BFF00024B209 /* Products */,
			);
			sourceTree = "<group>";
		};
		EE3B14411BB3BFF00024B209 /* Products */ = {
			isa = PBXGroup;
			children = (
				EE3B14401BB3BFF00024B209 /* HuanXinChat.app */,
				EE3B14591BB3BFF10024B209 /* HuanXinChatTests.xctest */,
			);
			name = Products;
			sourceTree = "<group>";
		};
		EE3B14421BB3BFF00024B209 /* HuanXinChat */ = {
			isa = PBXGroup;
			children = (
				EE3B14471BB3BFF10024B209 /* AppDelegate.h */,
				EE3B14481BB3BFF10024B209 /* AppDelegate.m */,
				EE3B144A1BB3BFF10024B209 /* ViewController.h */,
				EE3B144B1BB3BFF10024B209 /* ViewController.m */,
				EE3B144D1BB3BFF10024B209 /* Main.storyboard */,
				EE3B14501BB3BFF10024B209 /* Images.xcassets */,
				EE3B14521BB3BFF10024B209 /* LaunchScreen.xib */,
				EE3B14431BB3BFF10024B209 /* Supporting Files */,
			);
			path = HuanXinChat;
			sourceTree = "<group>";
		};
		EE3B14431BB3BFF10024B209 /* Supporting Files */ = {
			isa = PBXGroup;
			children = (
				EE3B14441BB3BFF10024B209 /* Info.plist */,
				EE3B14451BB3BFF10024B209 /* main.m */,
			);
			name = "Supporting Files";
			sourceTree = "<group>";
		};
		EE3B145C1BB3BFF10024B209 /* HuanXinChatTests */ = {
			isa = PBXGroup;
			children = (
				EE3B145F1BB3BFF10024B209 /* HuanXinChatTests.m */,
				EE3B145D1BB3BFF10024B209 /* Supporting Files */,
			);
			path = HuanXinChatTests;
			sourceTree = "<group>";
		};
		EE3B145D1BB3BFF10024B209 /* Supporting Files */ = {
			isa = PBXGroup;
			children = (
				EE3B145E1BB3BFF10024B209 /* Info.plist */,
			);
			name = "Supporting Files";
			sourceTree = "<group>";
		};
/* End PBXGroup section */

/* Begin PBXNativeTarget section */
		EE3B143F1BB3BFF00024B209 /* HuanXinChat */ = {
			isa = PBXNativeTarget;
			buildConfigurationList = EE3B14631BB3BFF10024B209 /* Build configuration list for PBXNativeTarget "HuanXinChat" */;
			buildPhases = (
				EE3B143C1BB3BFF00024B209 /* Sources */,
				EE3B143D1BB3BFF00024B209 /* Frameworks */,
				EE3B143E1BB3BFF00024B209 /* Resources */,
			);
			buildRules = (
			);
			dependencies = (
			);
			name = HuanXinChat;
			productName = HuanXinChat;
			productReference = EE3B14401BB3BFF00024B209 /* HuanXinChat.app */;
			productType = "com.apple.product-type.application";
		};
		EE3B14581BB3BFF10024B209 /* HuanXinChatTests */ = {
			isa = PBXNativeTarget;
			buildConfigurationList = EE3B14661BB3BFF10024B209 /* Build configuration list for PBXNativeTarget "HuanXinChatTests" */;
			buildPhases = (
				EE3B14551BB3BFF10024B209 /* Sources */,
				EE3B14561BB3BFF10024B209 /* Frameworks */,
				EE3B14571BB3BFF10024B209 /* Resources */,
			);
			buildRules = (
			);
			dependencies = (
				EE3B145B1BB3BFF10024B209 /* PBXTargetDependency */,
			);
			name = HuanXinChatTests;
			productName = HuanXinChatTests;
			productReference = EE3B14591BB3BFF10024B209 /* HuanXinChatTests.xctest */;
			productType = "com.apple.product-type.bundle.unit-test";
		};
/* End PBXNativeTarget section */

/* Begin PBXProject section */
		EE3B14381BB3BFF00024B209 /* Project object */ = {
			isa = PBXProject;
			attributes = {
				LastUpgradeCheck = 0640;
				ORGANIZATIONNAME = iosYong;
				TargetAttributes = {
					EE3B143F1BB3BFF00024B209 = {
						CreatedOnToolsVersion = 6.4;
					};
					EE3B14581BB3BFF10024B209 = {
						CreatedOnToolsVersion = 6.4;
						TestTargetID = EE3B143F1BB3BFF00024B209;
					};
				};
			};
			buildConfigurationList = EE3B143B1BB3BFF00024B209 /* Build configuration list for PBXProject "HuanXinChat" */;
			compatibilityVersion = "Xcode 3.2";
			developmentRegion = English;
			hasScannedForEncodings = 0;
			knownRegions = (
				en,
				Base,
			);
			mainGroup = EE3B14371BB3BFF00024B209;
			productRefGroup = EE3B14411BB3BFF00024B209 /* Products */;
			projectDirPath = "";
			projectRoot = "";
			targets = (
				EE3B143F1BB3BFF00024B209 /* HuanXinChat */,
				EE3B14581BB3BFF10024B209 /* HuanXinChatTests */,
			);
		};
/* End PBXProject section */

/* Begin PBXResourcesBuildPhase section */
		EE3B143E1BB3BFF00024B209 /* Resources */ = {
			isa = PBXResourcesBuildPhase;
			buildActionMask = 2147483647;
			files = (
				EE3B144F1BB3BFF10024B209 /* Main.storyboard in Resources */,
				EE3B14541BB3BFF10024B209 /* LaunchScreen.xib in Resources */,
				EE3B14511BB3BFF10024B209 /* Images.xcassets in Resources */,
			);
			runOnlyForDeploymentPostprocessing = 0;
		};
		EE3B14571BB3BFF10024B209 /* Resources */ = {
			isa = PBXResourcesBuildPhase;
			buildActionMask = 2147483647;
			files = (
			);
			runOnlyForDeploymentPostprocessing = 0;
		};
/* End PBXResourcesBuildPhase section */

/* Begin PBXSourcesBuildPhase section */
		EE3B143C1BB3BFF00024B209 /* Sources */ = {
			isa = PBXSourcesBuildPhase;
			buildActionMask = 2147483647;
			files = (
				EE3B144C1BB3BFF10024B209 /* ViewController.m in Sources */,
				EE3B14491BB3BFF10024B209 /* AppDelegate.m in Sources */,
				EE3B14461BB3BFF10024B209 /* main.m in Sources */,
			);
			runOnlyForDeploymentPostprocessing = 0;
		};
		EE3B14551BB3BFF10024B209 /* Sources */ = {
			isa = PBXSourcesBuildPhase;
			buildActionMask = 2147483647;
			files = (
				EE3B14601BB3BFF10024B209 /* HuanXinChatTests.m in Sources */,
			);
			runOnlyForDeploymentPostprocessing = 0;
		};
/* End PBXSourcesBuildPhase section */

/* Begin PBXTargetDependency section */
		EE3B145B1BB3BFF10024B209 /* PBXTargetDependency */ = {
			isa = PBXTargetDependency;
			target = EE3B143F1BB3BFF00024B209 /* HuanXinChat */;
			targetProxy = EE3B145A1BB3BFF10024B209 /* PBXContainerItemProxy */;
		};
/* End PBXTargetDependency section */

/* Begin PBXVariantGroup section */
		EE3B144D1BB3BFF10024B209 /* Main.storyboard */ = {
			isa = PBXVariantGroup;
			children = (
				EE3B144E1BB3BFF10024B209 /* Base */,
			);
			name = Main.storyboard;
			sourceTree = "<group>";
		};
		EE3B14521BB3BFF10024B209 /* LaunchScreen.xib */ = {
			isa = PBXVariantGroup;
			children = (
				EE3B14531BB3BFF10024B209 /* Base */,
			);
			name = LaunchScreen.xib;
			sourceTree = "<group>";
		};
/* End PBXVariantGroup section */

/* Begin XCBuildConfiguration section */
		EE3B14611BB3BFF10024B209 /* Debug */ = {
			isa = XCBuildConfiguration;
			buildSettings = {
				ALWAYS_SEARCH_USER_PATHS = NO;
				CLANG_CXX_LANGUAGE_STANDARD = "gnu++0x";
				CLANG_CXX_LIBRARY = "libc++";
				CLANG_ENABLE_MODULES = YES;
				CLANG_ENABLE_OBJC_ARC = YES;
				CLANG_WARN_BOOL_CONVERSION = YES;
				CLANG_WARN_CONSTANT_CONVERSION = YES;
				CLANG_WARN_DIRECT_OBJC_ISA_USAGE = YES_ERROR;
				CLANG_WARN_EMPTY_BODY = YES;
				CLANG_WARN_ENUM_CONVERSION = YES;
				CLANG_WARN_INT_CONVERSION = YES;
				CLANG_WARN_OBJC_ROOT_CLASS = YES_ERROR;
				CLANG_WARN_UNREACHABLE_CODE = YES;
				CLANG_WARN__DUPLICATE_METHOD_MATCH = YES;
				"CODE_SIGN_IDENTITY[sdk=iphoneos*]" = "iPhone Developer";
				COPY_PHASE_STRIP = NO;
				DEBUG_INFORMATION_FORMAT = "dwarf-with-dsym";
				ENABLE_STRICT_OBJC_MSGSEND = YES;
				GCC_C_LANGUAGE_STANDARD = gnu99;
				GCC_DYNAMIC_NO_PIC = NO;
				GCC_NO_COMMON_BLOCKS = YES;
				GCC_OPTIMIZATION_LEVEL = 0;
				GCC_PREPROCESSOR_DEFINITIONS = (
					"DEBUG=1",
					"$(inherited)",
				);
				GCC_SYMBOLS_PRIVATE_EXTERN = NO;
				GCC_WARN_64_TO_32_BIT_CONVERSION = YES;
				GCC_WARN_ABOUT_RETURN_TYPE = YES_ERROR;
				GCC_WARN_UNDECLARED_SELECTOR = YES;
				GCC_WARN_UNINITIALIZED_AUTOS = YES_AGGRESSIVE;
				GCC_WARN_UNUSED_FUNCTION = YES;
				GCC_WARN_UNUSED_VARIABLE = YES;
				IPHONEOS_DEPLOYMENT_TARGET = 8.4;
				MTL_ENABLE_DEBUG_INFO = YES;
				ONLY_ACTIVE_ARCH = YES;
				SDKROOT = iphoneos;
			};
			name = Debug;
		};
		EE3B14621BB3BFF10024B209 /* Release */ = {
			isa = XCBuildConfiguration;
			buildSettings = {
				ALWAYS_SEARCH_USER_PATHS = NO;
				CLANG_CXX_LANGUAGE_STANDARD = "gnu++0x";
				CLANG_CXX_LIBRARY = "libc++";
				CLANG_ENABLE_MODULES = YES;
				CLANG_ENABLE_OBJC_ARC = YES;
				CLANG_WARN_BOOL_CONVERSION = YES;
				CLANG_WARN_CONSTANT_CONVERSION = YES;
				CLANG_WARN_DIRECT_OBJC_ISA_USAGE = YES_ERROR;
				CLANG_WARN_EMPTY_BODY = YES;
				CLANG_WARN_ENUM_CONVERSION = YES;
				CLANG_WARN_INT_CONVERSION = YES;
				CLANG_WARN_OBJC_ROOT_CLASS = YES_ERROR;
				CLANG_WARN_UNREACHABLE_CODE = YES;
				CLANG_WARN__DUPLICATE_METHOD_MATCH = YES;
				"CODE_SIGN_IDENTITY[sdk=iphoneos*]" = "iPhone Developer";
				COPY_PHASE_STRIP = NO;
				DEBUG_INFORMATION_FORMAT = "dwarf-with-dsym";
				ENABLE_NS_ASSERTIONS = NO;
				ENABLE_STRICT_OBJC_MSGSEND = YES;
				GCC_C_LANGUAGE_STANDARD = gnu99;
				GCC_NO_COMMON_BLOCKS = YES;
				GCC_WARN_64_TO_32_BIT_CONVERSION = YES;
				GCC_WARN_ABOUT_RETURN_TYPE = YES_ERROR;
				GCC_WARN_UNDECLARED_SELECTOR = YES;
				GCC_WARN_UNINITIALIZED_AUTOS = YES_AGGRESSIVE;
				GCC_WARN_UNUSED_FUNCTION = YES;
				GCC_WARN_UNUSED_VARIABLE = YES;
				IPHONEOS_DEPLOYMENT_TARGET = 8.4;
				MTL_ENABLE_DEBUG_INFO = NO;
				SDKROOT = iphoneos;
				VALIDATE_PRODUCT = YES;
			};
			name = Release;
		};
		EE3B14641BB3BFF10024B209 /* Debug */ = {
			isa = XCBuildConfiguration;
			buildSettings = {
				ASSETCATALOG_COMPILER_APPICON_NAME = AppIcon;
				INFOPLIST_FILE = HuanXinChat/Info.plist;
				LD_RUNPATH_SEARCH_PATHS = "$(inherited) @executable_path/Frameworks";
				PRODUCT_NAME = "$(TARGET_NAME)";
			};
			name = Debug;
		};
		EE3B14651BB3BFF10024B209 /* Release */ = {
			isa = XCBuildConfiguration;
			buildSettings = {
				ASSETCATALOG_COMPILER_APPICON_NAME = AppIcon;
				INFOPLIST_FILE = HuanXinChat/Info.plist;
				LD_RUNPATH_SEARCH_PATHS = "$(inherited) @executable_path/Frameworks";
				PRODUCT_NAME = "$(TARGET_NAME)";
			};
			name = Release;
		};
		EE3B14671BB3BFF10024B209 /* Debug */ = {
			isa = XCBuildConfiguration;
			buildSettings = {
				BUNDLE_LOADER = "$(TEST_HOST)";
				FRAMEWORK_SEARCH_PATHS = (
					"$(SDKROOT)/Developer/Library/Frameworks",
					"$(inherited)",
				);
				GCC_PREPROCESSOR_DEFINITIONS = (
					"DEBUG=1",
					"$(inherited)",
				);
				INFOPLIST_FILE = HuanXinChatTests/Info.plist;
				LD_RUNPATH_SEARCH_PATHS = "$(inherited) @executable_path/Frameworks @loader_path/Frameworks";
				PRODUCT_NAME = "$(TARGET_NAME)";
				TEST_HOST = "$(BUILT_PRODUCTS_DIR)/HuanXinChat.app/HuanXinChat";
			};
			name = Debug;
		};
		EE3B14681BB3BFF10024B209 /* Release */ = {
			isa = XCBuildConfiguration;
			buildSettings = {
				BUNDLE_LOADER = "$(TEST_HOST)";
				FRAMEWORK_SEARCH_PATHS = (
					"$(SDKROOT)/Developer/Library/Frameworks",
					"$(inherited)",
				);
				INFOPLIST_FILE = HuanXinChatTests/Info.plist;
				LD_RUNPATH_SEARCH_PATHS = "$(inherited) @executable_path/Frameworks @loader_path/Frameworks";
				PRODUCT_NAME = "$(TARGET_NAME)";
				TEST_HOST = "$(BUILT_PRODUCTS_DIR)/HuanXinChat.app/HuanXinChat";
			};
			name = Release;
		};
/* End XCBuildConfiguration section */

/* Begin XCConfigurationList section */
		EE3B143B1BB3BFF00024B209 /* Build configuration list for PBXProject "HuanXinChat" */ = {
			isa = XCConfigurationList;
			buildConfigurations = (
				EE3B14611BB3BFF10024B209 /* Debug */,
				EE3B14621BB3BFF10024B209 /* Release */,
			);
			defaultConfigurationIsVisible = 0;
			defaultConfigurationName = Release;
		};
		EE3B14631BB3BFF10024B209 /* Build configuration list for PBXNativeTarget "HuanXinChat" */ = {
			isa = XCConfigurationList;
			buildConfigurations = (
				EE3B14641BB3BFF10024B209 /* Debug */,
				EE3B14651BB3BFF10024B209 /* Release */,
			);
			defaultConfigurationIsVisible = 0;
		};
		EE3B14661BB3BFF10024B209 /* Build configuration list for PBXNativeTarget "HuanXinChatTests" */ = {
			isa = XCConfigurationList;
			buildConfigurations = (
				EE3B14671BB3BFF10024B209 /* Debug */,
				EE3B14681BB3BFF10024B209 /* Release */,
			);
			defaultConfigurationIsVisible = 0;
		};
/* End XCConfigurationList section */
	};
	rootObject = EE3B14381BB3BFF00024B209 /* Project object */;
}
